
Microsoft Visual Studio Solution File, Format Version 11.00
# Visual Studio 2010
Project("{FAE04EC0-301F-11D3-BF4B-00C04F79EFBC}") = "AEfing_1", "Assembly-CSharp.csproj", "{356AEC7A-5D80-FA0B-BA20-57667179579E}"
EndProject
Global
	GlobalSection(SolutionConfigurationPlatforms) = preSolution
		Debug|Any CPU = Debug|Any CPU
		Release|Any CPU = Release|Any CPU
	EndGlobalSection
	GlobalSection(ProjectConfigurationPlatforms) = postSolution
		{356AEC7A-5D80-FA0B-BA20-57667179579E}.Debug|Any CPU.ActiveCfg = Debug|Any CPU
		{356AEC7A-5D80-FA0B-BA20-57667179579E}.Debug|Any CPU.Build.0 = Debug|Any CPU
		{356AEC7A-5D80-FA0B-BA20-57667179579E}.Release|Any CPU.ActiveCfg = Release|Any CPU
		{356AEC7A-5D80-FA0B-BA20-57667179579E}.Release|Any CPU.Build.0 = Release|Any CPU
	EndGlobalSection
	GlobalSection(SolutionProperties) = preSolution
		HideSolutionNode = FALSE
	EndGlobalSection
	GlobalSection(MonoDevelopProperties) = preSolution
		StartupItem = Assembly-CSharp.csproj
	EndGlobalSection
EndGlobal
